// !$*UTF8*$!
{
	archiveVersion = 1;
	classes = {
	};
	objectVersion = 56;
	objects = {

/* Begin PBXBuildFile section */
		5E21519BD3AF576DB15E10D5 /* Pods_Sense.framework in Frameworks */ = {isa = PBXBuildFile; fileRef = 8B466C08FA66FF144E4DF89D /* Pods_Sense.framework */; };
		8011348E29B0D7B500DB128B /* AppDelegate.swift in Sources */ = {isa = PBXBuildFile; fileRef = 8011348D29B0D7B500DB128B /* AppDelegate.swift */; };
		8011349029B0D7B500DB128B /* SceneDelegate.swift in Sources */ = {isa = PBXBuildFile; fileRef = 8011348F29B0D7B500DB128B /* SceneDelegate.swift */; };
		8011349229B0D7B500DB128B /* ViewController.swift in Sources */ = {isa = PBXBuildFile; fileRef = 8011349129B0D7B500DB128B /* ViewController.swift */; };
		8011349A29B0D7B600DB128B /* LaunchScreen.storyboard in Resources */ = {isa = PBXBuildFile; fileRef = 8011349829B0D7B600DB128B /* LaunchScreen.storyboard */; };
		80807D0D29B0DC32008FD6A1 /* GoogleService-Info.plist in Resources */ = {isa = PBXBuildFile; fileRef = 80807D0C29B0DC32008FD6A1 /* GoogleService-Info.plist */; };
		80807D1029B0E460008FD6A1 /* FirebaseAuth in Frameworks */ = {isa = PBXBuildFile; productRef = 80807D0F29B0E460008FD6A1 /* FirebaseAuth */; };
		80807D1229B0E460008FD6A1 /* FirebaseAuthCombine-Community in Frameworks */ = {isa = PBXBuildFile; productRef = 80807D1129B0E460008FD6A1 /* FirebaseAuthCombine-Community */; };
		80807D1429B0E460008FD6A1 /* FirebaseDatabase in Frameworks */ = {isa = PBXBuildFile; productRef = 80807D1329B0E460008FD6A1 /* FirebaseDatabase */; };
		80807D1629B0E460008FD6A1 /* FirebaseDatabaseSwift in Frameworks */ = {isa = PBXBuildFile; productRef = 80807D1529B0E460008FD6A1 /* FirebaseDatabaseSwift */; };
		80807D1829B0E460008FD6A1 /* FirebaseFirestore in Frameworks */ = {isa = PBXBuildFile; productRef = 80807D1729B0E460008FD6A1 /* FirebaseFirestore */; };
		80807D1A29B0E460008FD6A1 /* FirebaseFirestoreCombine-Community in Frameworks */ = {isa = PBXBuildFile; productRef = 80807D1929B0E460008FD6A1 /* FirebaseFirestoreCombine-Community */; };
		80807D1C29B0E460008FD6A1 /* FirebaseFirestoreSwift in Frameworks */ = {isa = PBXBuildFile; productRef = 80807D1B29B0E460008FD6A1 /* FirebaseFirestoreSwift */; };
		80807D1E29B0E460008FD6A1 /* FirebaseStorage in Frameworks */ = {isa = PBXBuildFile; productRef = 80807D1D29B0E460008FD6A1 /* FirebaseStorage */; };
		80807D2029B0E460008FD6A1 /* FirebaseStorageCombine-Community in Frameworks */ = {isa = PBXBuildFile; productRef = 80807D1F29B0E460008FD6A1 /* FirebaseStorageCombine-Community */; };
		80ECB91F29B1E82300FEA279 /* LoginViewController.swift in Sources */ = {isa = PBXBuildFile; fileRef = 80ECB91E29B1E82300FEA279 /* LoginViewController.swift */; };
		80ECB92129B1E83600FEA279 /* LoginViewModel.swift in Sources */ = {isa = PBXBuildFile; fileRef = 80ECB92029B1E83600FEA279 /* LoginViewModel.swift */; };
		80ECB92229B21D1D00FEA279 /* Assets.xcassets in Resources */ = {isa = PBXBuildFile; fileRef = 8011349629B0D7B600DB128B /* Assets.xcassets */; };
		80ECB92529B3C3F700FEA279 /* GoogleSignIn in Frameworks */ = {isa = PBXBuildFile; productRef = 80ECB92429B3C3F700FEA279 /* GoogleSignIn */; };
		80ECB92729B3C3F700FEA279 /* GoogleSignInSwift in Frameworks */ = {isa = PBXBuildFile; productRef = 80ECB92629B3C3F700FEA279 /* GoogleSignInSwift */; };
		80ECB92B29B50ABB00FEA279 /* Colors.swift in Sources */ = {isa = PBXBuildFile; fileRef = 80ECB92A29B50ABB00FEA279 /* Colors.swift */; };
		80ECB92E29B50B9300FEA279 /* UIColor+Hex.swift in Sources */ = {isa = PBXBuildFile; fileRef = 80ECB92D29B50B9300FEA279 /* UIColor+Hex.swift */; };
		80ECB93129B50C8700FEA279 /* Logo.xcassets in Resources */ = {isa = PBXBuildFile; fileRef = 80ECB93029B50C8700FEA279 /* Logo.xcassets */; };
		80ECB94529B50E8700FEA279 /* Poppins-Black.ttf in Resources */ = {isa = PBXBuildFile; fileRef = 80ECB93D29B50E7000FEA279 /* Poppins-Black.ttf */; };
		80ECB94629B50E8A00FEA279 /* Poppins-BlackItalic.ttf in Resources */ = {isa = PBXBuildFile; fileRef = 80ECB94129B50E7100FEA279 /* Poppins-BlackItalic.ttf */; };
		80ECB94729B50E8C00FEA279 /* Poppins-Bold.ttf in Resources */ = {isa = PBXBuildFile; fileRef = 80ECB93729B50E7000FEA279 /* Poppins-Bold.ttf */; };
		80ECB94829B50E8E00FEA279 /* Poppins-BoldItalic.ttf in Resources */ = {isa = PBXBuildFile; fileRef = 80ECB93B29B50E7000FEA279 /* Poppins-BoldItalic.ttf */; };
		80ECB94929B50E9000FEA279 /* Poppins-ExtraBold.ttf in Resources */ = {isa = PBXBuildFile; fileRef = 80ECB93929B50E7000FEA279 /* Poppins-ExtraBold.ttf */; };
		80ECB94A29B50E9200FEA279 /* Poppins-ExtraBoldItalic.ttf in Resources */ = {isa = PBXBuildFile; fileRef = 80ECB93C29B50E7000FEA279 /* Poppins-ExtraBoldItalic.ttf */; };
		80ECB94B29B50E9400FEA279 /* Poppins-ExtraLight.ttf in Resources */ = {isa = PBXBuildFile; fileRef = 80ECB94329B50E7100FEA279 /* Poppins-ExtraLight.ttf */; };
		80ECB94C29B50E9700FEA279 /* Poppins-ExtraLightItalic.ttf in Resources */ = {isa = PBXBuildFile; fileRef = 80ECB93629B50E7000FEA279 /* Poppins-ExtraLightItalic.ttf */; };
		80ECB94D29B50E9900FEA279 /* Poppins-Italic.ttf in Resources */ = {isa = PBXBuildFile; fileRef = 80ECB94229B50E7100FEA279 /* Poppins-Italic.ttf */; };
		80ECB94E29B50E9B00FEA279 /* Poppins-Light.ttf in Resources */ = {isa = PBXBuildFile; fileRef = 80ECB93F29B50E7000FEA279 /* Poppins-Light.ttf */; };
		80ECB94F29B50E9D00FEA279 /* Poppins-LightItalic.ttf in Resources */ = {isa = PBXBuildFile; fileRef = 80ECB93829B50E7000FEA279 /* Poppins-LightItalic.ttf */; };
		80ECB95029B50EA100FEA279 /* Poppins-Medium.ttf in Resources */ = {isa = PBXBuildFile; fileRef = 80ECB94429B50E7100FEA279 /* Poppins-Medium.ttf */; };
		80ECB95129B50EA500FEA279 /* Poppins-MediumItalic.ttf in Resources */ = {isa = PBXBuildFile; fileRef = 80ECB93329B50E7000FEA279 /* Poppins-MediumItalic.ttf */; };
		80ECB95229B50EA700FEA279 /* Poppins-Regular.ttf in Resources */ = {isa = PBXBuildFile; fileRef = 80ECB93429B50E7000FEA279 /* Poppins-Regular.ttf */; };
		80ECB95329B50EA900FEA279 /* Poppins-SemiBold.ttf in Resources */ = {isa = PBXBuildFile; fileRef = 80ECB93529B50E7000FEA279 /* Poppins-SemiBold.ttf */; };
		80ECB95429B50EAC00FEA279 /* Poppins-SemiBoldItalic.ttf in Resources */ = {isa = PBXBuildFile; fileRef = 80ECB94029B50E7000FEA279 /* Poppins-SemiBoldItalic.ttf */; };
		80ECB95529B50EAE00FEA279 /* Poppins-Thin.ttf in Resources */ = {isa = PBXBuildFile; fileRef = 80ECB93E29B50E7000FEA279 /* Poppins-Thin.ttf */; };
		80ECB95629B50EB100FEA279 /* Poppins-ThinItalic.ttf in Resources */ = {isa = PBXBuildFile; fileRef = 80ECB93A29B50E7000FEA279 /* Poppins-ThinItalic.ttf */; };
		80ECB95829B5100400FEA279 /* Fonts.swift in Sources */ = {isa = PBXBuildFile; fileRef = 80ECB95729B5100400FEA279 /* Fonts.swift */; };
/* End PBXBuildFile section */

/* Begin PBXFileReference section */
		3CB5ABF2DFDBE2729CB5B373 /* Pods-Sense.debug.xcconfig */ = {isa = PBXFileReference; includeInIndex = 1; lastKnownFileType = text.xcconfig; name = "Pods-Sense.debug.xcconfig"; path = "Target Support Files/Pods-Sense/Pods-Sense.debug.xcconfig"; sourceTree = "<group>"; };
		8011348A29B0D7B500DB128B /* Sense.app */ = {isa = PBXFileReference; explicitFileType = wrapper.application; includeInIndex = 0; path = Sense.app; sourceTree = BUILT_PRODUCTS_DIR; };
		8011348D29B0D7B500DB128B /* AppDelegate.swift */ = {isa = PBXFileReference; lastKnownFileType = sourcecode.swift; path = AppDelegate.swift; sourceTree = "<group>"; };
		8011348F29B0D7B500DB128B /* SceneDelegate.swift */ = {isa = PBXFileReference; lastKnownFileType = sourcecode.swift; path = SceneDelegate.swift; sourceTree = "<group>"; };
		8011349129B0D7B500DB128B /* ViewController.swift */ = {isa = PBXFileReference; lastKnownFileType = sourcecode.swift; path = ViewController.swift; sourceTree = "<group>"; };
		8011349629B0D7B600DB128B /* Assets.xcassets */ = {isa = PBXFileReference; lastKnownFileType = folder.assetcatalog; path = Assets.xcassets; sourceTree = "<group>"; };
		8011349929B0D7B600DB128B /* Base */ = {isa = PBXFileReference; lastKnownFileType = file.storyboard; name = Base; path = Base.lproj/LaunchScreen.storyboard; sourceTree = "<group>"; };
		8011349B29B0D7B600DB128B /* Info.plist */ = {isa = PBXFileReference; lastKnownFileType = text.plist.xml; path = Info.plist; sourceTree = "<group>"; };
		80807D0C29B0DC32008FD6A1 /* GoogleService-Info.plist */ = {isa = PBXFileReference; fileEncoding = 4; lastKnownFileType = text.plist.xml; path = "GoogleService-Info.plist"; sourceTree = "<group>"; };
		80ECB91E29B1E82300FEA279 /* LoginViewController.swift */ = {isa = PBXFileReference; lastKnownFileType = sourcecode.swift; path = LoginViewController.swift; sourceTree = "<group>"; };
		80ECB92029B1E83600FEA279 /* LoginViewModel.swift */ = {isa = PBXFileReference; lastKnownFileType = sourcecode.swift; path = LoginViewModel.swift; sourceTree = "<group>"; };
		80ECB92A29B50ABB00FEA279 /* Colors.swift */ = {isa = PBXFileReference; lastKnownFileType = sourcecode.swift; path = Colors.swift; sourceTree = "<group>"; };
		80ECB92D29B50B9300FEA279 /* UIColor+Hex.swift */ = {isa = PBXFileReference; lastKnownFileType = sourcecode.swift; path = "UIColor+Hex.swift"; sourceTree = "<group>"; };
		80ECB93029B50C8700FEA279 /* Logo.xcassets */ = {isa = PBXFileReference; lastKnownFileType = folder.assetcatalog; path = Logo.xcassets; sourceTree = "<group>"; };
		80ECB93329B50E7000FEA279 /* Poppins-MediumItalic.ttf */ = {isa = PBXFileReference; lastKnownFileType = file; path = "Poppins-MediumItalic.ttf"; sourceTree = "<group>"; };
		80ECB93429B50E7000FEA279 /* Poppins-Regular.ttf */ = {isa = PBXFileReference; lastKnownFileType = file; path = "Poppins-Regular.ttf"; sourceTree = "<group>"; };
		80ECB93529B50E7000FEA279 /* Poppins-SemiBold.ttf */ = {isa = PBXFileReference; lastKnownFileType = file; path = "Poppins-SemiBold.ttf"; sourceTree = "<group>"; };
		80ECB93629B50E7000FEA279 /* Poppins-ExtraLightItalic.ttf */ = {isa = PBXFileReference; lastKnownFileType = file; path = "Poppins-ExtraLightItalic.ttf"; sourceTree = "<group>"; };
		80ECB93729B50E7000FEA279 /* Poppins-Bold.ttf */ = {isa = PBXFileReference; lastKnownFileType = file; path = "Poppins-Bold.ttf"; sourceTree = "<group>"; };
		80ECB93829B50E7000FEA279 /* Poppins-LightItalic.ttf */ = {isa = PBXFileReference; lastKnownFileType = file; path = "Poppins-LightItalic.ttf"; sourceTree = "<group>"; };
		80ECB93929B50E7000FEA279 /* Poppins-ExtraBold.ttf */ = {isa = PBXFileReference; lastKnownFileType = file; path = "Poppins-ExtraBold.ttf"; sourceTree = "<group>"; };
		80ECB93A29B50E7000FEA279 /* Poppins-ThinItalic.ttf */ = {isa = PBXFileReference; lastKnownFileType = file; path = "Poppins-ThinItalic.ttf"; sourceTree = "<group>"; };
		80ECB93B29B50E7000FEA279 /* Poppins-BoldItalic.ttf */ = {isa = PBXFileReference; lastKnownFileType = file; path = "Poppins-BoldItalic.ttf"; sourceTree = "<group>"; };
		80ECB93C29B50E7000FEA279 /* Poppins-ExtraBoldItalic.ttf */ = {isa = PBXFileReference; lastKnownFileType = file; path = "Poppins-ExtraBoldItalic.ttf"; sourceTree = "<group>"; };
		80ECB93D29B50E7000FEA279 /* Poppins-Black.ttf */ = {isa = PBXFileReference; lastKnownFileType = file; path = "Poppins-Black.ttf"; sourceTree = "<group>"; };
		80ECB93E29B50E7000FEA279 /* Poppins-Thin.ttf */ = {isa = PBXFileReference; lastKnownFileType = file; path = "Poppins-Thin.ttf"; sourceTree = "<group>"; };
		80ECB93F29B50E7000FEA279 /* Poppins-Light.ttf */ = {isa = PBXFileReference; lastKnownFileType = file; path = "Poppins-Light.ttf"; sourceTree = "<group>"; };
		80ECB94029B50E7000FEA279 /* Poppins-SemiBoldItalic.ttf */ = {isa = PBXFileReference; lastKnownFileType = file; path = "Poppins-SemiBoldItalic.ttf"; sourceTree = "<group>"; };
		80ECB94129B50E7100FEA279 /* Poppins-BlackItalic.ttf */ = {isa = PBXFileReference; lastKnownFileType = file; path = "Poppins-BlackItalic.ttf"; sourceTree = "<group>"; };
		80ECB94229B50E7100FEA279 /* Poppins-Italic.ttf */ = {isa = PBXFileReference; lastKnownFileType = file; path = "Poppins-Italic.ttf"; sourceTree = "<group>"; };
		80ECB94329B50E7100FEA279 /* Poppins-ExtraLight.ttf */ = {isa = PBXFileReference; lastKnownFileType = file; path = "Poppins-ExtraLight.ttf"; sourceTree = "<group>"; };
		80ECB94429B50E7100FEA279 /* Poppins-Medium.ttf */ = {isa = PBXFileReference; lastKnownFileType = file; path = "Poppins-Medium.ttf"; sourceTree = "<group>"; };
		80ECB95729B5100400FEA279 /* Fonts.swift */ = {isa = PBXFileReference; lastKnownFileType = sourcecode.swift; path = Fonts.swift; sourceTree = "<group>"; };
		8B466C08FA66FF144E4DF89D /* Pods_Sense.framework */ = {isa = PBXFileReference; explicitFileType = wrapper.framework; includeInIndex = 0; path = Pods_Sense.framework; sourceTree = BUILT_PRODUCTS_DIR; };
		E3E206993C52D04928EE7A02 /* Pods-Sense.release.xcconfig */ = {isa = PBXFileReference; includeInIndex = 1; lastKnownFileType = text.xcconfig; name = "Pods-Sense.release.xcconfig"; path = "Target Support Files/Pods-Sense/Pods-Sense.release.xcconfig"; sourceTree = "<group>"; };
/* End PBXFileReference section */

/* Begin PBXFrameworksBuildPhase section */
		8011348729B0D7B500DB128B /* Frameworks */ = {
			isa = PBXFrameworksBuildPhase;
			buildActionMask = 2147483647;
			files = (
				80807D1629B0E460008FD6A1 /* FirebaseDatabaseSwift in Frameworks */,
				5E21519BD3AF576DB15E10D5 /* Pods_Sense.framework in Frameworks */,
				80ECB92529B3C3F700FEA279 /* GoogleSignIn in Frameworks */,
				80ECB92729B3C3F700FEA279 /* GoogleSignInSwift in Frameworks */,
				80807D2029B0E460008FD6A1 /* FirebaseStorageCombine-Community in Frameworks */,
				80807D1E29B0E460008FD6A1 /* FirebaseStorage in Frameworks */,
				80807D1229B0E460008FD6A1 /* FirebaseAuthCombine-Community in Frameworks */,
				80807D1429B0E460008FD6A1 /* FirebaseDatabase in Frameworks */,
				80807D1029B0E460008FD6A1 /* FirebaseAuth in Frameworks */,
				80807D1829B0E460008FD6A1 /* FirebaseFirestore in Frameworks */,
				80807D1A29B0E460008FD6A1 /* FirebaseFirestoreCombine-Community in Frameworks */,
				80807D1C29B0E460008FD6A1 /* FirebaseFirestoreSwift in Frameworks */,
			);
			runOnlyForDeploymentPostprocessing = 0;
		};
/* End PBXFrameworksBuildPhase section */

/* Begin PBXGroup section */
		460C890E660A0537C51E4CB8 /* Frameworks */ = {
			isa = PBXGroup;
			children = (
				8B466C08FA66FF144E4DF89D /* Pods_Sense.framework */,
			);
			name = Frameworks;
			sourceTree = "<group>";
		};
		8011348129B0D7B500DB128B = {
			isa = PBXGroup;
			children = (
				8011348C29B0D7B500DB128B /* Sense */,
				8011348B29B0D7B500DB128B /* Products */,
				E068217ADE4C20D9B6C1869D /* Pods */,
				460C890E660A0537C51E4CB8 /* Frameworks */,
			);
			sourceTree = "<group>";
		};
		8011348B29B0D7B500DB128B /* Products */ = {
			isa = PBXGroup;
			children = (
				8011348A29B0D7B500DB128B /* Sense.app */,
			);
			name = Products;
			sourceTree = "<group>";
		};
		8011348C29B0D7B500DB128B /* Sense */ = {
			isa = PBXGroup;
			children = (
				80ECB92F29B50C5E00FEA279 /* Resources */,
				80ECB92829B50AA400FEA279 /* Utils */,
				80ECB91C29B1E7FA00FEA279 /* Scenes */,
				8011348D29B0D7B500DB128B /* AppDelegate.swift */,
				8011348F29B0D7B500DB128B /* SceneDelegate.swift */,
				8011349129B0D7B500DB128B /* ViewController.swift */,
				8011349829B0D7B600DB128B /* LaunchScreen.storyboard */,
				8011349B29B0D7B600DB128B /* Info.plist */,
				80807D0C29B0DC32008FD6A1 /* GoogleService-Info.plist */,
			);
			path = Sense;
			sourceTree = "<group>";
		};
		80ECB91C29B1E7FA00FEA279 /* Scenes */ = {
			isa = PBXGroup;
			children = (
				80ECB91D29B1E80100FEA279 /* Login */,
			);
			path = Scenes;
			sourceTree = "<group>";
		};
		80ECB91D29B1E80100FEA279 /* Login */ = {
			isa = PBXGroup;
			children = (
				80ECB91E29B1E82300FEA279 /* LoginViewController.swift */,
				80ECB92029B1E83600FEA279 /* LoginViewModel.swift */,
			);
			path = Login;
			sourceTree = "<group>";
		};
		80ECB92829B50AA400FEA279 /* Utils */ = {
			isa = PBXGroup;
			children = (
				80ECB92C29B50B5500FEA279 /* Extensions */,
				80ECB92929B50AA900FEA279 /* Constants */,
			);
			path = Utils;
			sourceTree = "<group>";
		};
		80ECB92929B50AA900FEA279 /* Constants */ = {
			isa = PBXGroup;
			children = (
				80ECB92A29B50ABB00FEA279 /* Colors.swift */,
				80ECB95729B5100400FEA279 /* Fonts.swift */,
			);
			path = Constants;
			sourceTree = "<group>";
		};
		80ECB92C29B50B5500FEA279 /* Extensions */ = {
			isa = PBXGroup;
			children = (
				80ECB92D29B50B9300FEA279 /* UIColor+Hex.swift */,
			);
			path = Extensions;
			sourceTree = "<group>";
		};
		80ECB92F29B50C5E00FEA279 /* Resources */ = {
			isa = PBXGroup;
			children = (
				80ECB93229B50E4100FEA279 /* Fonts */,
				8011349629B0D7B600DB128B /* Assets.xcassets */,
				80ECB93029B50C8700FEA279 /* Logo.xcassets */,
			);
			path = Resources;
			sourceTree = "<group>";
		};
		80ECB93229B50E4100FEA279 /* Fonts */ = {
			isa = PBXGroup;
			children = (
				80ECB93D29B50E7000FEA279 /* Poppins-Black.ttf */,
				80ECB94129B50E7100FEA279 /* Poppins-BlackItalic.ttf */,
				80ECB93729B50E7000FEA279 /* Poppins-Bold.ttf */,
				80ECB93B29B50E7000FEA279 /* Poppins-BoldItalic.ttf */,
				80ECB93929B50E7000FEA279 /* Poppins-ExtraBold.ttf */,
				80ECB93C29B50E7000FEA279 /* Poppins-ExtraBoldItalic.ttf */,
				80ECB94329B50E7100FEA279 /* Poppins-ExtraLight.ttf */,
				80ECB93629B50E7000FEA279 /* Poppins-ExtraLightItalic.ttf */,
				80ECB94229B50E7100FEA279 /* Poppins-Italic.ttf */,
				80ECB93F29B50E7000FEA279 /* Poppins-Light.ttf */,
				80ECB93829B50E7000FEA279 /* Poppins-LightItalic.ttf */,
				80ECB94429B50E7100FEA279 /* Poppins-Medium.ttf */,
				80ECB93329B50E7000FEA279 /* Poppins-MediumItalic.ttf */,
				80ECB93429B50E7000FEA279 /* Poppins-Regular.ttf */,
				80ECB93529B50E7000FEA279 /* Poppins-SemiBold.ttf */,
				80ECB94029B50E7000FEA279 /* Poppins-SemiBoldItalic.ttf */,
				80ECB93E29B50E7000FEA279 /* Poppins-Thin.ttf */,
				80ECB93A29B50E7000FEA279 /* Poppins-ThinItalic.ttf */,
			);
			path = Fonts;
			sourceTree = "<group>";
		};
		E068217ADE4C20D9B6C1869D /* Pods */ = {
			isa = PBXGroup;
			children = (
				3CB5ABF2DFDBE2729CB5B373 /* Pods-Sense.debug.xcconfig */,
				E3E206993C52D04928EE7A02 /* Pods-Sense.release.xcconfig */,
			);
			path = Pods;
			sourceTree = "<group>";
		};
/* End PBXGroup section */

/* Begin PBXNativeTarget section */
		8011348929B0D7B500DB128B /* Sense */ = {
			isa = PBXNativeTarget;
			buildConfigurationList = 8011349E29B0D7B600DB128B /* Build configuration list for PBXNativeTarget "Sense" */;
			buildPhases = (
				D7008B076AF8FF01C15A06E8 /* [CP] Check Pods Manifest.lock */,
				8011348629B0D7B500DB128B /* Sources */,
				8011348729B0D7B500DB128B /* Frameworks */,
				8011348829B0D7B500DB128B /* Resources */,
				801134A129B0D92A00DB128B /* ShellScript */,
				020A8404E48BC2412C59A6A9 /* [CP] Embed Pods Frameworks */,
			);
			buildRules = (
			);
			dependencies = (
			);
			name = Sense;
			packageProductDependencies = (
				80807D0F29B0E460008FD6A1 /* FirebaseAuth */,
				80807D1129B0E460008FD6A1 /* FirebaseAuthCombine-Community */,
				80807D1329B0E460008FD6A1 /* FirebaseDatabase */,
				80807D1529B0E460008FD6A1 /* FirebaseDatabaseSwift */,
				80807D1729B0E460008FD6A1 /* FirebaseFirestore */,
				80807D1929B0E460008FD6A1 /* FirebaseFirestoreCombine-Community */,
				80807D1B29B0E460008FD6A1 /* FirebaseFirestoreSwift */,
				80807D1D29B0E460008FD6A1 /* FirebaseStorage */,
				80807D1F29B0E460008FD6A1 /* FirebaseStorageCombine-Community */,
				80ECB92429B3C3F700FEA279 /* GoogleSignIn */,
				80ECB92629B3C3F700FEA279 /* GoogleSignInSwift */,
			);
			productName = Sense;
			productReference = 8011348A29B0D7B500DB128B /* Sense.app */;
			productType = "com.apple.product-type.application";
		};
/* End PBXNativeTarget section */

/* Begin PBXProject section */
		8011348229B0D7B500DB128B /* Project object */ = {
			isa = PBXProject;
			attributes = {
				BuildIndependentTargetsInParallel = 1;
				LastSwiftUpdateCheck = 1420;
				LastUpgradeCheck = 1420;
				TargetAttributes = {
					8011348929B0D7B500DB128B = {
						CreatedOnToolsVersion = 14.2;
					};
				};
			};
			buildConfigurationList = 8011348529B0D7B500DB128B /* Build configuration list for PBXProject "Sense" */;
			compatibilityVersion = "Xcode 14.0";
			developmentRegion = en;
			hasScannedForEncodings = 0;
			knownRegions = (
				en,
				Base,
			);
			mainGroup = 8011348129B0D7B500DB128B;
			packageReferences = (
				80807D0E29B0E45F008FD6A1 /* XCRemoteSwiftPackageReference "firebase-ios-sdk" */,
				80ECB92329B3C3F700FEA279 /* XCRemoteSwiftPackageReference "GoogleSignIn-iOS" */,
			);
			productRefGroup = 8011348B29B0D7B500DB128B /* Products */;
			projectDirPath = "";
			projectRoot = "";
			targets = (
				8011348929B0D7B500DB128B /* Sense */,
			);
		};
/* End PBXProject section */

/* Begin PBXResourcesBuildPhase section */
		8011348829B0D7B500DB128B /* Resources */ = {
			isa = PBXResourcesBuildPhase;
			buildActionMask = 2147483647;
			files = (
				80ECB94C29B50E9700FEA279 /* Poppins-ExtraLightItalic.ttf in Resources */,
				80ECB94F29B50E9D00FEA279 /* Poppins-LightItalic.ttf in Resources */,
				8011349A29B0D7B600DB128B /* LaunchScreen.storyboard in Resources */,
				80ECB95629B50EB100FEA279 /* Poppins-ThinItalic.ttf in Resources */,
				80ECB95229B50EA700FEA279 /* Poppins-Regular.ttf in Resources */,
				80ECB94929B50E9000FEA279 /* Poppins-ExtraBold.ttf in Resources */,
				80ECB95429B50EAC00FEA279 /* Poppins-SemiBoldItalic.ttf in Resources */,
				80ECB95329B50EA900FEA279 /* Poppins-SemiBold.ttf in Resources */,
				80ECB92229B21D1D00FEA279 /* Assets.xcassets in Resources */,
				80ECB95029B50EA100FEA279 /* Poppins-Medium.ttf in Resources */,
				80ECB94729B50E8C00FEA279 /* Poppins-Bold.ttf in Resources */,
				80ECB94A29B50E9200FEA279 /* Poppins-ExtraBoldItalic.ttf in Resources */,
				80ECB93129B50C8700FEA279 /* Logo.xcassets in Resources */,
				80ECB94E29B50E9B00FEA279 /* Poppins-Light.ttf in Resources */,
				80ECB94D29B50E9900FEA279 /* Poppins-Italic.ttf in Resources */,
				80ECB95129B50EA500FEA279 /* Poppins-MediumItalic.ttf in Resources */,
				80ECB95529B50EAE00FEA279 /* Poppins-Thin.ttf in Resources */,
				80807D0D29B0DC32008FD6A1 /* GoogleService-Info.plist in Resources */,
				80ECB94B29B50E9400FEA279 /* Poppins-ExtraLight.ttf in Resources */,
				80ECB94629B50E8A00FEA279 /* Poppins-BlackItalic.ttf in Resources */,
				80ECB94529B50E8700FEA279 /* Poppins-Black.ttf in Resources */,
				80ECB94829B50E8E00FEA279 /* Poppins-BoldItalic.ttf in Resources */,
			);
			runOnlyForDeploymentPostprocessing = 0;
		};
/* End PBXResourcesBuildPhase section */

/* Begin PBXShellScriptBuildPhase section */
		020A8404E48BC2412C59A6A9 /* [CP] Embed Pods Frameworks */ = {
			isa = PBXShellScriptBuildPhase;
			buildActionMask = 2147483647;
			files = (
			);
			inputFileListPaths = (
				"${PODS_ROOT}/Target Support Files/Pods-Sense/Pods-Sense-frameworks-${CONFIGURATION}-input-files.xcfilelist",
			);
			name = "[CP] Embed Pods Frameworks";
			outputFileListPaths = (
				"${PODS_ROOT}/Target Support Files/Pods-Sense/Pods-Sense-frameworks-${CONFIGURATION}-output-files.xcfilelist",
			);
			runOnlyForDeploymentPostprocessing = 0;
			shellPath = /bin/sh;
			shellScript = "\"${PODS_ROOT}/Target Support Files/Pods-Sense/Pods-Sense-frameworks.sh\"\n";
			showEnvVarsInLog = 0;
		};
		801134A129B0D92A00DB128B /* ShellScript */ = {
			isa = PBXShellScriptBuildPhase;
			alwaysOutOfDate = 1;
			buildActionMask = 2147483647;
			files = (
			);
			inputFileListPaths = (
			);
			inputPaths = (
			);
			outputFileListPaths = (
			);
			outputPaths = (
			);
			runOnlyForDeploymentPostprocessing = 0;
			shellPath = /bin/sh;
			shellScript = "export PATH=\"$PATH:/opt/homebrew/bin\"\nif which swiftlint > /dev/null; then\n  swiftlint\nelse\n  echo \"warning: SwiftLint not installed, download from https://github.com/realm/SwiftLint\"\nfi\n";
		};
		D7008B076AF8FF01C15A06E8 /* [CP] Check Pods Manifest.lock */ = {
			isa = PBXShellScriptBuildPhase;
			buildActionMask = 2147483647;
			files = (
			);
			inputFileListPaths = (
			);
			inputPaths = (
				"${PODS_PODFILE_DIR_PATH}/Podfile.lock",
				"${PODS_ROOT}/Manifest.lock",
			);
			name = "[CP] Check Pods Manifest.lock";
			outputFileListPaths = (
			);
			outputPaths = (
				"$(DERIVED_FILE_DIR)/Pods-Sense-checkManifestLockResult.txt",
			);
			runOnlyForDeploymentPostprocessing = 0;
			shellPath = /bin/sh;
			shellScript = "diff \"${PODS_PODFILE_DIR_PATH}/Podfile.lock\" \"${PODS_ROOT}/Manifest.lock\" > /dev/null\nif [ $? != 0 ] ; then\n    # print error to STDERR\n    echo \"error: The sandbox is not in sync with the Podfile.lock. Run 'pod install' or update your CocoaPods installation.\" >&2\n    exit 1\nfi\n# This output is used by Xcode 'outputs' to avoid re-running this script phase.\necho \"SUCCESS\" > \"${SCRIPT_OUTPUT_FILE_0}\"\n";
			showEnvVarsInLog = 0;
		};
/* End PBXShellScriptBuildPhase section */

/* Begin PBXSourcesBuildPhase section */
		8011348629B0D7B500DB128B /* Sources */ = {
			isa = PBXSourcesBuildPhase;
			buildActionMask = 2147483647;
			files = (
				80ECB95829B5100400FEA279 /* Fonts.swift in Sources */,
				80ECB92E29B50B9300FEA279 /* UIColor+Hex.swift in Sources */,
				80ECB91F29B1E82300FEA279 /* LoginViewController.swift in Sources */,
				80ECB92B29B50ABB00FEA279 /* Colors.swift in Sources */,
				8011349229B0D7B500DB128B /* ViewController.swift in Sources */,
				8011348E29B0D7B500DB128B /* AppDelegate.swift in Sources */,
				80ECB92129B1E83600FEA279 /* LoginViewModel.swift in Sources */,
				8011349029B0D7B500DB128B /* SceneDelegate.swift in Sources */,
			);
			runOnlyForDeploymentPostprocessing = 0;
		};
/* End PBXSourcesBuildPhase section */

/* Begin PBXVariantGroup section */
		8011349829B0D7B600DB128B /* LaunchScreen.storyboard */ = {
			isa = PBXVariantGroup;
			children = (
				8011349929B0D7B600DB128B /* Base */,
			);
			name = LaunchScreen.storyboard;
			sourceTree = "<group>";
		};
/* End PBXVariantGroup section */

/* Begin XCBuildConfiguration section */
		8011349C29B0D7B600DB128B /* Debug */ = {
			isa = XCBuildConfiguration;
			buildSettings = {
				ALWAYS_SEARCH_USER_PATHS = NO;
				CLANG_ANALYZER_NONNULL = YES;
				CLANG_ANALYZER_NUMBER_OBJECT_CONVERSION = YES_AGGRESSIVE;
				CLANG_CXX_LANGUAGE_STANDARD = "gnu++20";
				CLANG_ENABLE_MODULES = YES;
				CLANG_ENABLE_OBJC_ARC = YES;
				CLANG_ENABLE_OBJC_WEAK = YES;
				CLANG_WARN_BLOCK_CAPTURE_AUTORELEASING = YES;
				CLANG_WARN_BOOL_CONVERSION = YES;
				CLANG_WARN_COMMA = YES;
				CLANG_WARN_CONSTANT_CONVERSION = YES;
				CLANG_WARN_DEPRECATED_OBJC_IMPLEMENTATIONS = YES;
				CLANG_WARN_DIRECT_OBJC_ISA_USAGE = YES_ERROR;
				CLANG_WARN_DOCUMENTATION_COMMENTS = YES;
				CLANG_WARN_EMPTY_BODY = YES;
				CLANG_WARN_ENUM_CONVERSION = YES;
				CLANG_WARN_INFINITE_RECURSION = YES;
				CLANG_WARN_INT_CONVERSION = YES;
				CLANG_WARN_NON_LITERAL_NULL_CONVERSION = YES;
				CLANG_WARN_OBJC_IMPLICIT_RETAIN_SELF = YES;
				CLANG_WARN_OBJC_LITERAL_CONVERSION = YES;
				CLANG_WARN_OBJC_ROOT_CLASS = YES_ERROR;
				CLANG_WARN_QUOTED_INCLUDE_IN_FRAMEWORK_HEADER = YES;
				CLANG_WARN_RANGE_LOOP_ANALYSIS = YES;
				CLANG_WARN_STRICT_PROTOTYPES = YES;
				CLANG_WARN_SUSPICIOUS_MOVE = YES;
				CLANG_WARN_UNGUARDED_AVAILABILITY = YES_AGGRESSIVE;
				CLANG_WARN_UNREACHABLE_CODE = YES;
				CLANG_WARN__DUPLICATE_METHOD_MATCH = YES;
				COPY_PHASE_STRIP = NO;
				DEBUG_INFORMATION_FORMAT = dwarf;
				ENABLE_STRICT_OBJC_MSGSEND = YES;
				ENABLE_TESTABILITY = YES;
				GCC_C_LANGUAGE_STANDARD = gnu11;
				GCC_DYNAMIC_NO_PIC = NO;
				GCC_NO_COMMON_BLOCKS = YES;
				GCC_OPTIMIZATION_LEVEL = 0;
				GCC_PREPROCESSOR_DEFINITIONS = (
					"DEBUG=1",
					"$(inherited)",
				);
				GCC_WARN_64_TO_32_BIT_CONVERSION = YES;
				GCC_WARN_ABOUT_RETURN_TYPE = YES_ERROR;
				GCC_WARN_UNDECLARED_SELECTOR = YES;
				GCC_WARN_UNINITIALIZED_AUTOS = YES_AGGRESSIVE;
				GCC_WARN_UNUSED_FUNCTION = YES;
				GCC_WARN_UNUSED_VARIABLE = YES;
				IPHONEOS_DEPLOYMENT_TARGET = 16.2;
				MTL_ENABLE_DEBUG_INFO = INCLUDE_SOURCE;
				MTL_FAST_MATH = YES;
				ONLY_ACTIVE_ARCH = YES;
				SDKROOT = iphoneos;
				SWIFT_ACTIVE_COMPILATION_CONDITIONS = DEBUG;
				SWIFT_OPTIMIZATION_LEVEL = "-Onone";
			};
			name = Debug;
		};
		8011349D29B0D7B600DB128B /* Release */ = {
			isa = XCBuildConfiguration;
			buildSettings = {
				ALWAYS_SEARCH_USER_PATHS = NO;
				CLANG_ANALYZER_NONNULL = YES;
				CLANG_ANALYZER_NUMBER_OBJECT_CONVERSION = YES_AGGRESSIVE;
				CLANG_CXX_LANGUAGE_STANDARD = "gnu++20";
				CLANG_ENABLE_MODULES = YES;
				CLANG_ENABLE_OBJC_ARC = YES;
				CLANG_ENABLE_OBJC_WEAK = YES;
				CLANG_WARN_BLOCK_CAPTURE_AUTORELEASING = YES;
				CLANG_WARN_BOOL_CONVERSION = YES;
				CLANG_WARN_COMMA = YES;
				CLANG_WARN_CONSTANT_CONVERSION = YES;
				CLANG_WARN_DEPRECATED_OBJC_IMPLEMENTATIONS = YES;
				CLANG_WARN_DIRECT_OBJC_ISA_USAGE = YES_ERROR;
				CLANG_WARN_DOCUMENTATION_COMMENTS = YES;
				CLANG_WARN_EMPTY_BODY = YES;
				CLANG_WARN_ENUM_CONVERSION = YES;
				CLANG_WARN_INFINITE_RECURSION = YES;
				CLANG_WARN_INT_CONVERSION = YES;
				CLANG_WARN_NON_LITERAL_NULL_CONVERSION = YES;
				CLANG_WARN_OBJC_IMPLICIT_RETAIN_SELF = YES;
				CLANG_WARN_OBJC_LITERAL_CONVERSION = YES;
				CLANG_WARN_OBJC_ROOT_CLASS = YES_ERROR;
				CLANG_WARN_QUOTED_INCLUDE_IN_FRAMEWORK_HEADER = YES;
				CLANG_WARN_RANGE_LOOP_ANALYSIS = YES;
				CLANG_WARN_STRICT_PROTOTYPES = YES;
				CLANG_WARN_SUSPICIOUS_MOVE = YES;
				CLANG_WARN_UNGUARDED_AVAILABILITY = YES_AGGRESSIVE;
				CLANG_WARN_UNREACHABLE_CODE = YES;
				CLANG_WARN__DUPLICATE_METHOD_MATCH = YES;
				COPY_PHASE_STRIP = NO;
				DEBUG_INFORMATION_FORMAT = "dwarf-with-dsym";
				ENABLE_NS_ASSERTIONS = NO;
				ENABLE_STRICT_OBJC_MSGSEND = YES;
				GCC_C_LANGUAGE_STANDARD = gnu11;
				GCC_NO_COMMON_BLOCKS = YES;
				GCC_WARN_64_TO_32_BIT_CONVERSION = YES;
				GCC_WARN_ABOUT_RETURN_TYPE = YES_ERROR;
				GCC_WARN_UNDECLARED_SELECTOR = YES;
				GCC_WARN_UNINITIALIZED_AUTOS = YES_AGGRESSIVE;
				GCC_WARN_UNUSED_FUNCTION = YES;
				GCC_WARN_UNUSED_VARIABLE = YES;
				IPHONEOS_DEPLOYMENT_TARGET = 16.2;
				MTL_ENABLE_DEBUG_INFO = NO;
				MTL_FAST_MATH = YES;
				SDKROOT = iphoneos;
				SWIFT_COMPILATION_MODE = wholemodule;
				SWIFT_OPTIMIZATION_LEVEL = "-O";
				VALIDATE_PRODUCT = YES;
			};
			name = Release;
		};
		8011349F29B0D7B600DB128B /* Debug */ = {
			isa = XCBuildConfiguration;
			baseConfigurationReference = 3CB5ABF2DFDBE2729CB5B373 /* Pods-Sense.debug.xcconfig */;
			buildSettings = {
				ASSETCATALOG_COMPILER_APPICON_NAME = AppIcon;
				ASSETCATALOG_COMPILER_GLOBAL_ACCENT_COLOR_NAME = AccentColor;
				CODE_SIGN_STYLE = Automatic;
				CURRENT_PROJECT_VERSION = 1;
				DEVELOPMENT_TEAM = Q88WS7U793;
				GENERATE_INFOPLIST_FILE = YES;
				INFOPLIST_FILE = Sense/Info.plist;
				INFOPLIST_KEY_UIApplicationSupportsIndirectInputEvents = YES;
				INFOPLIST_KEY_UILaunchStoryboardName = LaunchScreen;
				INFOPLIST_KEY_UISupportedInterfaceOrientations_iPad = "UIInterfaceOrientationPortrait UIInterfaceOrientationPortraitUpsideDown UIInterfaceOrientationLandscapeLeft UIInterfaceOrientationLandscapeRight";
				INFOPLIST_KEY_UISupportedInterfaceOrientations_iPhone = "UIInterfaceOrientationPortrait UIInterfaceOrientationLandscapeLeft UIInterfaceOrientationLandscapeRight";
				IPHONEOS_DEPLOYMENT_TARGET = 15.0;
				LD_RUNPATH_SEARCH_PATHS = (
					"$(inherited)",
					"@executable_path/Frameworks",
				);
				MARKETING_VERSION = 1.0;
				PRODUCT_BUNDLE_IDENTIFIER = com.sense.Project;
				PRODUCT_NAME = "$(TARGET_NAME)";
				SWIFT_EMIT_LOC_STRINGS = YES;
				SWIFT_VERSION = 5.0;
				TARGETED_DEVICE_FAMILY = "1,2";
			};
			name = Debug;
		};
		801134A029B0D7B600DB128B /* Release */ = {
			isa = XCBuildConfiguration;
			baseConfigurationReference = E3E206993C52D04928EE7A02 /* Pods-Sense.release.xcconfig */;
			buildSettings = {
				ASSETCATALOG_COMPILER_APPICON_NAME = AppIcon;
				ASSETCATALOG_COMPILER_GLOBAL_ACCENT_COLOR_NAME = AccentColor;
				CODE_SIGN_STYLE = Automatic;
				CURRENT_PROJECT_VERSION = 1;
				DEVELOPMENT_TEAM = Q88WS7U793;
				GENERATE_INFOPLIST_FILE = YES;
				INFOPLIST_FILE = Sense/Info.plist;
				INFOPLIST_KEY_UIApplicationSupportsIndirectInputEvents = YES;
				INFOPLIST_KEY_UILaunchStoryboardName = LaunchScreen;
				INFOPLIST_KEY_UISupportedInterfaceOrientations_iPad = "UIInterfaceOrientationPortrait UIInterfaceOrientationPortraitUpsideDown UIInterfaceOrientationLandscapeLeft UIInterfaceOrientationLandscapeRight";
				INFOPLIST_KEY_UISupportedInterfaceOrientations_iPhone = "UIInterfaceOrientationPortrait UIInterfaceOrientationLandscapeLeft UIInterfaceOrientationLandscapeRight";
				IPHONEOS_DEPLOYMENT_TARGET = 15.0;
				LD_RUNPATH_SEARCH_PATHS = (
					"$(inherited)",
					"@executable_path/Frameworks",
				);
				MARKETING_VERSION = 1.0;
				PRODUCT_BUNDLE_IDENTIFIER = com.sense.Project;
				PRODUCT_NAME = "$(TARGET_NAME)";
				SWIFT_EMIT_LOC_STRINGS = YES;
				SWIFT_VERSION = 5.0;
				TARGETED_DEVICE_FAMILY = "1,2";
			};
			name = Release;
		};
/* End XCBuildConfiguration section */

/* Begin XCConfigurationList section */
		8011348529B0D7B500DB128B /* Build configuration list for PBXProject "Sense" */ = {
			isa = XCConfigurationList;
			buildConfigurations = (
				8011349C29B0D7B600DB128B /* Debug */,
				8011349D29B0D7B600DB128B /* Release */,
			);
			defaultConfigurationIsVisible = 0;
			defaultConfigurationName = Release;
		};
		8011349E29B0D7B600DB128B /* Build configuration list for PBXNativeTarget "Sense" */ = {
			isa = XCConfigurationList;
			buildConfigurations = (
				8011349F29B0D7B600DB128B /* Debug */,
				801134A029B0D7B600DB128B /* Release */,
			);
			defaultConfigurationIsVisible = 0;
			defaultConfigurationName = Release;
		};
/* End XCConfigurationList section */

/* Begin XCRemoteSwiftPackageReference section */
		80807D0E29B0E45F008FD6A1 /* XCRemoteSwiftPackageReference "firebase-ios-sdk" */ = {
			isa = XCRemoteSwiftPackageReference;
			repositoryURL = "https://github.com/firebase/firebase-ios-sdk";
			requirement = {
				branch = master;
				kind = branch;
			};
		};
		80ECB92329B3C3F700FEA279 /* XCRemoteSwiftPackageReference "GoogleSignIn-iOS" */ = {
			isa = XCRemoteSwiftPackageReference;
			repositoryURL = "https://github.com/google/GoogleSignIn-iOS";
			requirement = {
				kind = upToNextMajorVersion;
				minimumVersion = 7.0.0;
			};
		};
/* End XCRemoteSwiftPackageReference section */

/* Begin XCSwiftPackageProductDependency section */
		80807D0F29B0E460008FD6A1 /* FirebaseAuth */ = {
			isa = XCSwiftPackageProductDependency;
			package = 80807D0E29B0E45F008FD6A1 /* XCRemoteSwiftPackageReference "firebase-ios-sdk" */;
			productName = FirebaseAuth;
		};
		80807D1129B0E460008FD6A1 /* FirebaseAuthCombine-Community */ = {
			isa = XCSwiftPackageProductDependency;
			package = 80807D0E29B0E45F008FD6A1 /* XCRemoteSwiftPackageReference "firebase-ios-sdk" */;
			productName = "FirebaseAuthCombine-Community";
		};
		80807D1329B0E460008FD6A1 /* FirebaseDatabase */ = {
			isa = XCSwiftPackageProductDependency;
			package = 80807D0E29B0E45F008FD6A1 /* XCRemoteSwiftPackageReference "firebase-ios-sdk" */;
			productName = FirebaseDatabase;
		};
		80807D1529B0E460008FD6A1 /* FirebaseDatabaseSwift */ = {
			isa = XCSwiftPackageProductDependency;
			package = 80807D0E29B0E45F008FD6A1 /* XCRemoteSwiftPackageReference "firebase-ios-sdk" */;
			productName = FirebaseDatabaseSwift;
		};
		80807D1729B0E460008FD6A1 /* FirebaseFirestore */ = {
			isa = XCSwiftPackageProductDependency;
			package = 80807D0E29B0E45F008FD6A1 /* XCRemoteSwiftPackageReference "firebase-ios-sdk" */;
			productName = FirebaseFirestore;
		};
		80807D1929B0E460008FD6A1 /* FirebaseFirestoreCombine-Community */ = {
			isa = XCSwiftPackageProductDependency;
			package = 80807D0E29B0E45F008FD6A1 /* XCRemoteSwiftPackageReference "firebase-ios-sdk" */;
			productName = "FirebaseFirestoreCombine-Community";
		};
		80807D1B29B0E460008FD6A1 /* FirebaseFirestoreSwift */ = {
			isa = XCSwiftPackageProductDependency;
			package = 80807D0E29B0E45F008FD6A1 /* XCRemoteSwiftPackageReference "firebase-ios-sdk" */;
			productName = FirebaseFirestoreSwift;
		};
		80807D1D29B0E460008FD6A1 /* FirebaseStorage */ = {
			isa = XCSwiftPackageProductDependency;
			package = 80807D0E29B0E45F008FD6A1 /* XCRemoteSwiftPackageReference "firebase-ios-sdk" */;
			productName = FirebaseStorage;
		};
		80807D1F29B0E460008FD6A1 /* FirebaseStorageCombine-Community */ = {
			isa = XCSwiftPackageProductDependency;
			package = 80807D0E29B0E45F008FD6A1 /* XCRemoteSwiftPackageReference "firebase-ios-sdk" */;
			productName = "FirebaseStorageCombine-Community";
		};
		80ECB92429B3C3F700FEA279 /* GoogleSignIn */ = {
			isa = XCSwiftPackageProductDependency;
			package = 80ECB92329B3C3F700FEA279 /* XCRemoteSwiftPackageReference "GoogleSignIn-iOS" */;
			productName = GoogleSignIn;
		};
		80ECB92629B3C3F700FEA279 /* GoogleSignInSwift */ = {
			isa = XCSwiftPackageProductDependency;
			package = 80ECB92329B3C3F700FEA279 /* XCRemoteSwiftPackageReference "GoogleSignIn-iOS" */;
			productName = GoogleSignInSwift;
		};
/* End XCSwiftPackageProductDependency section */
	};
	rootObject = 8011348229B0D7B500DB128B /* Project object */;
}
